
Microsoft Visual Studio Solution File, Format Version 12.00
# Visual Studio 15
VisualStudioVersion = 15.0.28307.329
MinimumVisualStudioVersion = 10.0.40219.1
Project("{FAE04EC0-301F-11D3-BF4B-00C04F79EFBC}") = "WealthBringer", "WealthBringer\WealthBringer.csproj", "{97E923D5-A0F2-448B-B6E0-71CF93449ED6}"
EndProject
Global
	GlobalSection(SolutionConfigurationPlatforms) = preSolution
		Debug|Any CPU = Debug|Any CPU
		Release|Any CPU = Release|Any CPU
	EndGlobalSection
	GlobalSection(ProjectConfigurationPlatforms) = postSolution
		{97E923D5-A0F2-448B-B6E0-71CF93449ED6}.Debug|Any CPU.ActiveCfg = Debug|Any CPU
		{97E923D5-A0F2-448B-B6E0-71CF93449ED6}.Debug|Any CPU.Build.0 = Debug|Any CPU
		{97E923D5-A0F2-448B-B6E0-71CF93449ED6}.Release|Any CPU.ActiveCfg = Release|Any CPU
		{97E923D5-A0F2-448B-B6E0-71CF93449ED6}.Release|Any CPU.Build.0 = Release|Any CPU
	EndGlobalSection
	GlobalSection(SolutionProperties) = preSolution
		HideSolutionNode = FALSE
	EndGlobalSection
	GlobalSection(ExtensibilityGlobals) = postSolution
		SolutionGuid = {89EDE59D-BF6D-4A5F-9DB2-3315145C0F30}
	EndGlobalSection
EndGlobal
